
Microsoft Visual Studio Solution File, Format Version 12.00
# Visual Studio 14
VisualStudioVersion = 14.0.24720.0
MinimumVisualStudioVersion = 10.0.40219.1
Project("{8BC9CEB8-8B4A-11D0-8D11-00A0C91BC942}") = "UncollapsedSampler", "UncollapsedSampler\UncollapsedSampler.vcxproj", "{4BD86494-958E-4F67-BCE4-5507052C9ED9}"
EndProject
Project("{8BC9CEB8-8B4A-11D0-8D11-00A0C91BC942}") = "FastMat", "..\FastMat\FastMat\FastMat.vcxproj", "{110C56D1-C85F-48B4-BB9E-6A5C701412EA}"
EndProject
Project("{8BC9CEB8-8B4A-11D0-8D11-00A0C91BC942}") = "Qtigmm", "Qtigmm\Qtigmm.vcxproj", "{B12702AD-ABFB-343A-A199-8E24837244A3}"
EndProject
Global
	GlobalSection(SolutionConfigurationPlatforms) = preSolution
		Debug|ARM = Debug|ARM
		Debug|x64 = Debug|x64
		Debug|x86 = Debug|x86
		Release|ARM = Release|ARM
		Release|x64 = Release|x64
		Release|x86 = Release|x86
	EndGlobalSection
	GlobalSection(ProjectConfigurationPlatforms) = postSolution
		{4BD86494-958E-4F67-BCE4-5507052C9ED9}.Debug|ARM.ActiveCfg = Debug|Win32
		{4BD86494-958E-4F67-BCE4-5507052C9ED9}.Debug|x64.ActiveCfg = Debug|x64
		{4BD86494-958E-4F67-BCE4-5507052C9ED9}.Debug|x64.Build.0 = Debug|x64
		{4BD86494-958E-4F67-BCE4-5507052C9ED9}.Debug|x86.ActiveCfg = Debug|Win32
		{4BD86494-958E-4F67-BCE4-5507052C9ED9}.Debug|x86.Build.0 = Debug|Win32
		{4BD86494-958E-4F67-BCE4-5507052C9ED9}.Release|ARM.ActiveCfg = Release|Win32
		{4BD86494-958E-4F67-BCE4-5507052C9ED9}.Release|x64.ActiveCfg = Release|x64
		{4BD86494-958E-4F67-BCE4-5507052C9ED9}.Release|x64.Build.0 = Release|x64
		{4BD86494-958E-4F67-BCE4-5507052C9ED9}.Release|x86.ActiveCfg = Release|Win32
		{4BD86494-958E-4F67-BCE4-5507052C9ED9}.Release|x86.Build.0 = Release|Win32
		{110C56D1-C85F-48B4-BB9E-6A5C701412EA}.Debug|ARM.ActiveCfg = Debug|Win32
		{110C56D1-C85F-48B4-BB9E-6A5C701412EA}.Debug|x64.ActiveCfg = Debug|x64
		{110C56D1-C85F-48B4-BB9E-6A5C701412EA}.Debug|x64.Build.0 = Debug|x64
		{110C56D1-C85F-48B4-BB9E-6A5C701412EA}.Debug|x86.ActiveCfg = Debug|Win32
		{110C56D1-C85F-48B4-BB9E-6A5C701412EA}.Debug|x86.Build.0 = Debug|Win32
		{110C56D1-C85F-48B4-BB9E-6A5C701412EA}.Release|ARM.ActiveCfg = Release|Win32
		{110C56D1-C85F-48B4-BB9E-6A5C701412EA}.Release|x64.ActiveCfg = Release|x64
		{110C56D1-C85F-48B4-BB9E-6A5C701412EA}.Release|x64.Build.0 = Release|x64
		{110C56D1-C85F-48B4-BB9E-6A5C701412EA}.Release|x86.ActiveCfg = Release|Win32
		{110C56D1-C85F-48B4-BB9E-6A5C701412EA}.Release|x86.Build.0 = Release|Win32
		{B12702AD-ABFB-343A-A199-8E24837244A3}.Debug|ARM.ActiveCfg = Debug|Win32
		{B12702AD-ABFB-343A-A199-8E24837244A3}.Debug|x64.ActiveCfg = Debug|x64
		{B12702AD-ABFB-343A-A199-8E24837244A3}.Debug|x64.Build.0 = Debug|x64
		{B12702AD-ABFB-343A-A199-8E24837244A3}.Debug|x86.ActiveCfg = Debug|Win32
		{B12702AD-ABFB-343A-A199-8E24837244A3}.Debug|x86.Build.0 = Debug|Win32
		{B12702AD-ABFB-343A-A199-8E24837244A3}.Release|ARM.ActiveCfg = Release|Win32
		{B12702AD-ABFB-343A-A199-8E24837244A3}.Release|x64.ActiveCfg = Release|x64
		{B12702AD-ABFB-343A-A199-8E24837244A3}.Release|x64.Build.0 = Release|x64
		{B12702AD-ABFB-343A-A199-8E24837244A3}.Release|x86.ActiveCfg = Release|Win32
		{B12702AD-ABFB-343A-A199-8E24837244A3}.Release|x86.Build.0 = Release|Win32
	EndGlobalSection
	GlobalSection(SolutionProperties) = preSolution
		HideSolutionNode = FALSE
	EndGlobalSection
EndGlobal
